// !$*UTF8*$!
{
	archiveVersion = 1;
	classes = {
	};
	objectVersion = 56;
	objects = {

/* Begin PBXBuildFile section */
		C4074DA82B0612D4000AA470 /* EpisodeDetailViewModel.swift in Sources */ = {isa = PBXBuildFile; fileRef = C4074DA72B0612D4000AA470 /* EpisodeDetailViewModel.swift */; };
		C4074DAA2B061588000AA470 /* EpisodeTypeInfo.swift in Sources */ = {isa = PBXBuildFile; fileRef = C4074DA92B061588000AA470 /* EpisodeTypeInfo.swift */; };
		C409D1B82AFBDDC800EE008E /* CharaterDetailInfoCellView.swift in Sources */ = {isa = PBXBuildFile; fileRef = C409D1B72AFBDDC800EE008E /* CharaterDetailInfoCellView.swift */; };
		C409D1BA2AFBF1B100EE008E /* CharacterEpisodesView.swift in Sources */ = {isa = PBXBuildFile; fileRef = C409D1B92AFBF1B100EE008E /* CharacterEpisodesView.swift */; };
		C42800A52AFA7F0F00F96CA0 /* CharacterDetailView.swift in Sources */ = {isa = PBXBuildFile; fileRef = C42800A42AFA7F0F00F96CA0 /* CharacterDetailView.swift */; };
		C42800A72AFA7F1F00F96CA0 /* CharacterDetailViewModel.swift in Sources */ = {isa = PBXBuildFile; fileRef = C42800A62AFA7F1F00F96CA0 /* CharacterDetailViewModel.swift */; };
		C4303CA52B04C59B00B5097D /* EpisodesView.swift in Sources */ = {isa = PBXBuildFile; fileRef = C4303CA42B04C59B00B5097D /* EpisodesView.swift */; };
		C4303CA82B04C5D800B5097D /* EpisodesViewModel.swift in Sources */ = {isa = PBXBuildFile; fileRef = C4303CA72B04C5D800B5097D /* EpisodesViewModel.swift */; };
		C4303CAA2B04CEC500B5097D /* EpisodesListCustomCell.swift in Sources */ = {isa = PBXBuildFile; fileRef = C4303CA92B04CEC500B5097D /* EpisodesListCustomCell.swift */; };
		C4303CAD2B04CF8200B5097D /* EpisodeDetailView.swift in Sources */ = {isa = PBXBuildFile; fileRef = C4303CAC2B04CF8200B5097D /* EpisodeDetailView.swift */; };
		C4303CB02B050CA900B5097D /* EpisodeDetailInfoCellView.swift in Sources */ = {isa = PBXBuildFile; fileRef = C4303CAF2B050CA900B5097D /* EpisodeDetailInfoCellView.swift */; };
		C4303CB22B05263700B5097D /* EpisodeCharactersView.swift in Sources */ = {isa = PBXBuildFile; fileRef = C4303CB12B05263700B5097D /* EpisodeCharactersView.swift */; };
		C44D584C2AEEB2C100B6FEE9 /* CharacterDataSource.swift in Sources */ = {isa = PBXBuildFile; fileRef = C44D584B2AEEB2C100B6FEE9 /* CharacterDataSource.swift */; };
		C44D584E2AEEB4E400B6FEE9 /* CharactersCell.swift in Sources */ = {isa = PBXBuildFile; fileRef = C44D584D2AEEB4E400B6FEE9 /* CharactersCell.swift */; };
		C464A8532AEFEBB8009B1932 /* UIColor+Settings.swift in Sources */ = {isa = PBXBuildFile; fileRef = C464A8522AEFEBB8009B1932 /* UIColor+Settings.swift */; };
		C4A7CCE72AEA5174006257A1 /* NetworkManager.swift in Sources */ = {isa = PBXBuildFile; fileRef = C4A7CCE62AEA5174006257A1 /* NetworkManager.swift */; };
		C4A7CCE92AEA518A006257A1 /* NetworkHTTPMethod.swift in Sources */ = {isa = PBXBuildFile; fileRef = C4A7CCE82AEA518A006257A1 /* NetworkHTTPMethod.swift */; };
		C4A7CCEB2AEA5199006257A1 /* NetworkError.swift in Sources */ = {isa = PBXBuildFile; fileRef = C4A7CCEA2AEA5199006257A1 /* NetworkError.swift */; };
		C4A7CCED2AEA51AB006257A1 /* NetworkURL.swift in Sources */ = {isa = PBXBuildFile; fileRef = C4A7CCEC2AEA51AB006257A1 /* NetworkURL.swift */; };
		C4A7CCEF2AEA51BA006257A1 /* NetworkEndpoint.swift in Sources */ = {isa = PBXBuildFile; fileRef = C4A7CCEE2AEA51BA006257A1 /* NetworkEndpoint.swift */; };
		C4A7CCF12AEA51C7006257A1 /* NetworkParameters.swift in Sources */ = {isa = PBXBuildFile; fileRef = C4A7CCF02AEA51C7006257A1 /* NetworkParameters.swift */; };
		C4A7CCF52AEA5304006257A1 /* Constant.swift in Sources */ = {isa = PBXBuildFile; fileRef = C4A7CCF42AEA5304006257A1 /* Constant.swift */; };
		C4B6D8B92AF143C1008B2572 /* Kingfisher in Frameworks */ = {isa = PBXBuildFile; productRef = C4B6D8B82AF143C1008B2572 /* Kingfisher */; };
		C4B770972B026C2900647BFE /* AllEpisodesModel.swift in Sources */ = {isa = PBXBuildFile; fileRef = C4B770962B026C2900647BFE /* AllEpisodesModel.swift */; };
		C4B770992B026C3F00647BFE /* EpisodeModel.swift in Sources */ = {isa = PBXBuildFile; fileRef = C4B770982B026C3F00647BFE /* EpisodeModel.swift */; };
		C4B7709B2B026C5400647BFE /* EpisodesDataSource.swift in Sources */ = {isa = PBXBuildFile; fileRef = C4B7709A2B026C5400647BFE /* EpisodesDataSource.swift */; };
		C4CE9CFE2AFD0A5900F92A66 /* CharacterTypeInfo.swift in Sources */ = {isa = PBXBuildFile; fileRef = C4CE9CFD2AFD0A5900F92A66 /* CharacterTypeInfo.swift */; };
		C4DF46A32AE9418900C2D597 /* CharactersView.swift in Sources */ = {isa = PBXBuildFile; fileRef = C4DF46A22AE9418900C2D597 /* CharactersView.swift */; };
		C4DF46A52AE9428B00C2D597 /* CharacterModel.swift in Sources */ = {isa = PBXBuildFile; fileRef = C4DF46A42AE9428B00C2D597 /* CharacterModel.swift */; };
		C4DF46A72AE943C300C2D597 /* AllCharactersModel.swift in Sources */ = {isa = PBXBuildFile; fileRef = C4DF46A62AE943C300C2D597 /* AllCharactersModel.swift */; };
		C4DF46A92AE944B800C2D597 /* CharacterStatusModel.swift in Sources */ = {isa = PBXBuildFile; fileRef = C4DF46A82AE944B800C2D597 /* CharacterStatusModel.swift */; };
		C4DF46AD2AE947F100C2D597 /* Localizable.strings in Resources */ = {isa = PBXBuildFile; fileRef = C4DF46AF2AE947F100C2D597 /* Localizable.strings */; };
		C4DF46B22AE9490900C2D597 /* String+Localized.swift in Sources */ = {isa = PBXBuildFile; fileRef = C4DF46B12AE9490900C2D597 /* String+Localized.swift */; };
		C4DF46B52AE949AB00C2D597 /* CharacterGenderModel.swift in Sources */ = {isa = PBXBuildFile; fileRef = C4DF46B42AE949AB00C2D597 /* CharacterGenderModel.swift */; };
		C4DF46B72AE949D400C2D597 /* CharacterOriginModel.swift in Sources */ = {isa = PBXBuildFile; fileRef = C4DF46B62AE949D400C2D597 /* CharacterOriginModel.swift */; };
		C4DF46B92AE94A0000C2D597 /* CharacterLocationModel.swift in Sources */ = {isa = PBXBuildFile; fileRef = C4DF46B82AE94A0000C2D597 /* CharacterLocationModel.swift */; };
		C4DF46BB2AE94D3A00C2D597 /* CharactersViewModel.swift in Sources */ = {isa = PBXBuildFile; fileRef = C4DF46BA2AE94D3A00C2D597 /* CharactersViewModel.swift */; };
		C4DF46BE2AE9557200C2D597 /* TabBarView.swift in Sources */ = {isa = PBXBuildFile; fileRef = C4DF46BD2AE9557200C2D597 /* TabBarView.swift */; };
		C4E1B0742AE67A9A00DB479A /* App.swift in Sources */ = {isa = PBXBuildFile; fileRef = C4E1B0732AE67A9A00DB479A /* App.swift */; };
		C4E1B0782AE67A9B00DB479A /* Assets.xcassets in Resources */ = {isa = PBXBuildFile; fileRef = C4E1B0772AE67A9B00DB479A /* Assets.xcassets */; };
		C4E1B07B2AE67A9B00DB479A /* Preview Assets.xcassets in Resources */ = {isa = PBXBuildFile; fileRef = C4E1B07A2AE67A9B00DB479A /* Preview Assets.xcassets */; };
/* End PBXBuildFile section */

/* Begin PBXFileReference section */
		C4074DA72B0612D4000AA470 /* EpisodeDetailViewModel.swift */ = {isa = PBXFileReference; lastKnownFileType = sourcecode.swift; path = EpisodeDetailViewModel.swift; sourceTree = "<group>"; };
		C4074DA92B061588000AA470 /* EpisodeTypeInfo.swift */ = {isa = PBXFileReference; lastKnownFileType = sourcecode.swift; path = EpisodeTypeInfo.swift; sourceTree = "<group>"; };
		C409D1B72AFBDDC800EE008E /* CharaterDetailInfoCellView.swift */ = {isa = PBXFileReference; lastKnownFileType = sourcecode.swift; path = CharaterDetailInfoCellView.swift; sourceTree = "<group>"; };
		C409D1B92AFBF1B100EE008E /* CharacterEpisodesView.swift */ = {isa = PBXFileReference; lastKnownFileType = sourcecode.swift; path = CharacterEpisodesView.swift; sourceTree = "<group>"; };
		C42800A42AFA7F0F00F96CA0 /* CharacterDetailView.swift */ = {isa = PBXFileReference; lastKnownFileType = sourcecode.swift; path = CharacterDetailView.swift; sourceTree = "<group>"; };
		C42800A62AFA7F1F00F96CA0 /* CharacterDetailViewModel.swift */ = {isa = PBXFileReference; lastKnownFileType = sourcecode.swift; path = CharacterDetailViewModel.swift; sourceTree = "<group>"; };
		C4303CA42B04C59B00B5097D /* EpisodesView.swift */ = {isa = PBXFileReference; lastKnownFileType = sourcecode.swift; path = EpisodesView.swift; sourceTree = "<group>"; };
		C4303CA72B04C5D800B5097D /* EpisodesViewModel.swift */ = {isa = PBXFileReference; lastKnownFileType = sourcecode.swift; path = EpisodesViewModel.swift; sourceTree = "<group>"; };
		C4303CA92B04CEC500B5097D /* EpisodesListCustomCell.swift */ = {isa = PBXFileReference; lastKnownFileType = sourcecode.swift; path = EpisodesListCustomCell.swift; sourceTree = "<group>"; };
		C4303CAC2B04CF8200B5097D /* EpisodeDetailView.swift */ = {isa = PBXFileReference; lastKnownFileType = sourcecode.swift; path = EpisodeDetailView.swift; sourceTree = "<group>"; };
		C4303CAF2B050CA900B5097D /* EpisodeDetailInfoCellView.swift */ = {isa = PBXFileReference; lastKnownFileType = sourcecode.swift; path = EpisodeDetailInfoCellView.swift; sourceTree = "<group>"; };
		C4303CB12B05263700B5097D /* EpisodeCharactersView.swift */ = {isa = PBXFileReference; lastKnownFileType = sourcecode.swift; path = EpisodeCharactersView.swift; sourceTree = "<group>"; };
		C44D584B2AEEB2C100B6FEE9 /* CharacterDataSource.swift */ = {isa = PBXFileReference; lastKnownFileType = sourcecode.swift; path = CharacterDataSource.swift; sourceTree = "<group>"; };
		C44D584D2AEEB4E400B6FEE9 /* CharactersCell.swift */ = {isa = PBXFileReference; lastKnownFileType = sourcecode.swift; path = CharactersCell.swift; sourceTree = "<group>"; };
		C464A8522AEFEBB8009B1932 /* UIColor+Settings.swift */ = {isa = PBXFileReference; lastKnownFileType = sourcecode.swift; path = "UIColor+Settings.swift"; sourceTree = "<group>"; };
		C4A7CCE62AEA5174006257A1 /* NetworkManager.swift */ = {isa = PBXFileReference; lastKnownFileType = sourcecode.swift; path = NetworkManager.swift; sourceTree = "<group>"; };
		C4A7CCE82AEA518A006257A1 /* NetworkHTTPMethod.swift */ = {isa = PBXFileReference; lastKnownFileType = sourcecode.swift; path = NetworkHTTPMethod.swift; sourceTree = "<group>"; };
		C4A7CCEA2AEA5199006257A1 /* NetworkError.swift */ = {isa = PBXFileReference; lastKnownFileType = sourcecode.swift; path = NetworkError.swift; sourceTree = "<group>"; };
		C4A7CCEC2AEA51AB006257A1 /* NetworkURL.swift */ = {isa = PBXFileReference; lastKnownFileType = sourcecode.swift; path = NetworkURL.swift; sourceTree = "<group>"; };
		C4A7CCEE2AEA51BA006257A1 /* NetworkEndpoint.swift */ = {isa = PBXFileReference; lastKnownFileType = sourcecode.swift; path = NetworkEndpoint.swift; sourceTree = "<group>"; };
		C4A7CCF02AEA51C7006257A1 /* NetworkParameters.swift */ = {isa = PBXFileReference; lastKnownFileType = sourcecode.swift; path = NetworkParameters.swift; sourceTree = "<group>"; };
		C4A7CCF42AEA5304006257A1 /* Constant.swift */ = {isa = PBXFileReference; lastKnownFileType = sourcecode.swift; path = Constant.swift; sourceTree = "<group>"; };
		C4B770962B026C2900647BFE /* AllEpisodesModel.swift */ = {isa = PBXFileReference; lastKnownFileType = sourcecode.swift; path = AllEpisodesModel.swift; sourceTree = "<group>"; };
		C4B770982B026C3F00647BFE /* EpisodeModel.swift */ = {isa = PBXFileReference; lastKnownFileType = sourcecode.swift; path = EpisodeModel.swift; sourceTree = "<group>"; };
		C4B7709A2B026C5400647BFE /* EpisodesDataSource.swift */ = {isa = PBXFileReference; lastKnownFileType = sourcecode.swift; path = EpisodesDataSource.swift; sourceTree = "<group>"; };
		C4CE9CFD2AFD0A5900F92A66 /* CharacterTypeInfo.swift */ = {isa = PBXFileReference; lastKnownFileType = sourcecode.swift; path = CharacterTypeInfo.swift; sourceTree = "<group>"; };
		C4DF46A22AE9418900C2D597 /* CharactersView.swift */ = {isa = PBXFileReference; lastKnownFileType = sourcecode.swift; path = CharactersView.swift; sourceTree = "<group>"; };
		C4DF46A42AE9428B00C2D597 /* CharacterModel.swift */ = {isa = PBXFileReference; lastKnownFileType = sourcecode.swift; path = CharacterModel.swift; sourceTree = "<group>"; };
		C4DF46A62AE943C300C2D597 /* AllCharactersModel.swift */ = {isa = PBXFileReference; lastKnownFileType = sourcecode.swift; path = AllCharactersModel.swift; sourceTree = "<group>"; };
		C4DF46A82AE944B800C2D597 /* CharacterStatusModel.swift */ = {isa = PBXFileReference; lastKnownFileType = sourcecode.swift; path = CharacterStatusModel.swift; sourceTree = "<group>"; };
		C4DF46AE2AE947F100C2D597 /* en */ = {isa = PBXFileReference; lastKnownFileType = text.plist.strings; name = en; path = en.lproj/Localizable.strings; sourceTree = "<group>"; };
		C4DF46B12AE9490900C2D597 /* String+Localized.swift */ = {isa = PBXFileReference; lastKnownFileType = sourcecode.swift; path = "String+Localized.swift"; sourceTree = "<group>"; };
		C4DF46B42AE949AB00C2D597 /* CharacterGenderModel.swift */ = {isa = PBXFileReference; lastKnownFileType = sourcecode.swift; path = CharacterGenderModel.swift; sourceTree = "<group>"; };
		C4DF46B62AE949D400C2D597 /* CharacterOriginModel.swift */ = {isa = PBXFileReference; lastKnownFileType = sourcecode.swift; path = CharacterOriginModel.swift; sourceTree = "<group>"; };
		C4DF46B82AE94A0000C2D597 /* CharacterLocationModel.swift */ = {isa = PBXFileReference; lastKnownFileType = sourcecode.swift; path = CharacterLocationModel.swift; sourceTree = "<group>"; };
		C4DF46BA2AE94D3A00C2D597 /* CharactersViewModel.swift */ = {isa = PBXFileReference; lastKnownFileType = sourcecode.swift; path = CharactersViewModel.swift; sourceTree = "<group>"; };
		C4DF46BD2AE9557200C2D597 /* TabBarView.swift */ = {isa = PBXFileReference; lastKnownFileType = sourcecode.swift; path = TabBarView.swift; sourceTree = "<group>"; };
		C4E1B0702AE67A9A00DB479A /* rick-and-morty-swift-ui.app */ = {isa = PBXFileReference; explicitFileType = wrapper.application; includeInIndex = 0; path = "rick-and-morty-swift-ui.app"; sourceTree = BUILT_PRODUCTS_DIR; };
		C4E1B0732AE67A9A00DB479A /* App.swift */ = {isa = PBXFileReference; lastKnownFileType = sourcecode.swift; path = App.swift; sourceTree = "<group>"; };
		C4E1B0772AE67A9B00DB479A /* Assets.xcassets */ = {isa = PBXFileReference; lastKnownFileType = folder.assetcatalog; path = Assets.xcassets; sourceTree = "<group>"; };
		C4E1B07A2AE67A9B00DB479A /* Preview Assets.xcassets */ = {isa = PBXFileReference; lastKnownFileType = folder.assetcatalog; path = "Preview Assets.xcassets"; sourceTree = "<group>"; };
/* End PBXFileReference section */

/* Begin PBXFrameworksBuildPhase section */
		C4E1B06D2AE67A9A00DB479A /* Frameworks */ = {
			isa = PBXFrameworksBuildPhase;
			buildActionMask = 2147483647;
			files = (
				C4B6D8B92AF143C1008B2572 /* Kingfisher in Frameworks */,
			);
			runOnlyForDeploymentPostprocessing = 0;
		};
/* End PBXFrameworksBuildPhase section */

/* Begin PBXGroup section */
		C4074DA62B0612BF000AA470 /* ViewModel */ = {
			isa = PBXGroup;
			children = (
				C4074DA72B0612D4000AA470 /* EpisodeDetailViewModel.swift */,
				C4074DA92B061588000AA470 /* EpisodeTypeInfo.swift */,
			);
			path = ViewModel;
			sourceTree = "<group>";
		};
		C42800A12AFA7EB000F96CA0 /* CharacterDetail */ = {
			isa = PBXGroup;
			children = (
				C42800A22AFA7ED500F96CA0 /* View */,
				C42800A32AFA7EE000F96CA0 /* ViewModel */,
			);
			path = CharacterDetail;
			sourceTree = "<group>";
		};
		C42800A22AFA7ED500F96CA0 /* View */ = {
			isa = PBXGroup;
			children = (
				C42800A42AFA7F0F00F96CA0 /* CharacterDetailView.swift */,
				C409D1B72AFBDDC800EE008E /* CharaterDetailInfoCellView.swift */,
				C409D1B92AFBF1B100EE008E /* CharacterEpisodesView.swift */,
			);
			path = View;
			sourceTree = "<group>";
		};
		C42800A32AFA7EE000F96CA0 /* ViewModel */ = {
			isa = PBXGroup;
			children = (
				C42800A62AFA7F1F00F96CA0 /* CharacterDetailViewModel.swift */,
				C4CE9CFD2AFD0A5900F92A66 /* CharacterTypeInfo.swift */,
			);
			path = ViewModel;
			sourceTree = "<group>";
		};
		C4303CA12B04C56E00B5097D /* Episodes */ = {
			isa = PBXGroup;
			children = (
				C4303CA22B04C58000B5097D /* View */,
				C4303CA32B04C58500B5097D /* ViewModel */,
			);
			path = Episodes;
			sourceTree = "<group>";
		};
		C4303CA22B04C58000B5097D /* View */ = {
			isa = PBXGroup;
			children = (
				C4303CA42B04C59B00B5097D /* EpisodesView.swift */,
				C4303CA92B04CEC500B5097D /* EpisodesListCustomCell.swift */,
			);
			path = View;
			sourceTree = "<group>";
		};
		C4303CA32B04C58500B5097D /* ViewModel */ = {
			isa = PBXGroup;
			children = (
				C4303CA72B04C5D800B5097D /* EpisodesViewModel.swift */,
			);
			path = ViewModel;
			sourceTree = "<group>";
		};
		C4303CAB2B04CF6B00B5097D /* EpisodeDetail */ = {
			isa = PBXGroup;
			children = (
				C4303CAE2B04CF8E00B5097D /* View */,
				C4074DA62B0612BF000AA470 /* ViewModel */,
			);
			path = EpisodeDetail;
			sourceTree = "<group>";
		};
		C4303CAE2B04CF8E00B5097D /* View */ = {
			isa = PBXGroup;
			children = (
				C4303CAC2B04CF8200B5097D /* EpisodeDetailView.swift */,
				C4303CAF2B050CA900B5097D /* EpisodeDetailInfoCellView.swift */,
				C4303CB12B05263700B5097D /* EpisodeCharactersView.swift */,
			);
			path = View;
			sourceTree = "<group>";
		};
		C44D58462AEE949700B6FEE9 /* Module */ = {
			isa = PBXGroup;
			children = (
				C4DF46BC2AE9555C00C2D597 /* TabBar */,
				C4DF469E2AE93DF900C2D597 /* Characters */,
				C42800A12AFA7EB000F96CA0 /* CharacterDetail */,
				C4303CA12B04C56E00B5097D /* Episodes */,
				C4303CAB2B04CF6B00B5097D /* EpisodeDetail */,
			);
			path = Module;
			sourceTree = "<group>";
		};
		C44D58472AEE94CF00B6FEE9 /* App */ = {
			isa = PBXGroup;
			children = (
				C4E1B0732AE67A9A00DB479A /* App.swift */,
			);
			path = App;
			sourceTree = "<group>";
		};
		C44D58482AEEA3CA00B6FEE9 /* Data */ = {
			isa = PBXGroup;
			children = (
				C44D584A2AEEAAE800B6FEE9 /* Characters */,
				C4B770932B026A5000647BFE /* Episodes */,
			);
			path = Data;
			sourceTree = "<group>";
		};
		C44D58492AEEAABA00B6FEE9 /* DataSource */ = {
			isa = PBXGroup;
			children = (
				C44D584B2AEEB2C100B6FEE9 /* CharacterDataSource.swift */,
			);
			path = DataSource;
			sourceTree = "<group>";
		};
		C44D584A2AEEAAE800B6FEE9 /* Characters */ = {
			isa = PBXGroup;
			children = (
				C44D58492AEEAABA00B6FEE9 /* DataSource */,
				C4DF469F2AE940F400C2D597 /* Model */,
			);
			path = Characters;
			sourceTree = "<group>";
		};
		C4A7CCE42AEA5131006257A1 /* Manager */ = {
			isa = PBXGroup;
			children = (
				C4A7CCE52AEA5139006257A1 /* Network */,
			);
			path = Manager;
			sourceTree = "<group>";
		};
		C4A7CCE52AEA5139006257A1 /* Network */ = {
			isa = PBXGroup;
			children = (
				C4A7CCE62AEA5174006257A1 /* NetworkManager.swift */,
				C4A7CCE82AEA518A006257A1 /* NetworkHTTPMethod.swift */,
				C4A7CCEA2AEA5199006257A1 /* NetworkError.swift */,
				C4A7CCEC2AEA51AB006257A1 /* NetworkURL.swift */,
				C4A7CCEE2AEA51BA006257A1 /* NetworkEndpoint.swift */,
				C4A7CCF02AEA51C7006257A1 /* NetworkParameters.swift */,
			);
			path = Network;
			sourceTree = "<group>";
		};
		C4A7CCF32AEA52FA006257A1 /* Util */ = {
			isa = PBXGroup;
			children = (
				C4A7CCF42AEA5304006257A1 /* Constant.swift */,
			);
			path = Util;
			sourceTree = "<group>";
		};
		C4A7CCF62AEA533B006257A1 /* Core */ = {
			isa = PBXGroup;
			children = (
				C4EC1F992AFE598800CAC69B /* Views */,
				C4A7CCE42AEA5131006257A1 /* Manager */,
				C4A7CCF32AEA52FA006257A1 /* Util */,
				C4DF46B32AE9492500C2D597 /* Extensions */,
			);
			path = Core;
			sourceTree = "<group>";
		};
		C4B770932B026A5000647BFE /* Episodes */ = {
			isa = PBXGroup;
			children = (
				C4B770942B026BD300647BFE /* DataSource */,
				C4B770952B026BDF00647BFE /* Model */,
			);
			path = Episodes;
			sourceTree = "<group>";
		};
		C4B770942B026BD300647BFE /* DataSource */ = {
			isa = PBXGroup;
			children = (
				C4B7709A2B026C5400647BFE /* EpisodesDataSource.swift */,
			);
			path = DataSource;
			sourceTree = "<group>";
		};
		C4B770952B026BDF00647BFE /* Model */ = {
			isa = PBXGroup;
			children = (
				C4B770962B026C2900647BFE /* AllEpisodesModel.swift */,
				C4B770982B026C3F00647BFE /* EpisodeModel.swift */,
			);
			path = Model;
			sourceTree = "<group>";
		};
		C4DF469E2AE93DF900C2D597 /* Characters */ = {
			isa = PBXGroup;
			children = (
				C4DF46A12AE9410E00C2D597 /* View */,
				C4DF46A02AE9410600C2D597 /* ViewModel */,
			);
			path = Characters;
			sourceTree = "<group>";
		};
		C4DF469F2AE940F400C2D597 /* Model */ = {
			isa = PBXGroup;
			children = (
				C4DF46A62AE943C300C2D597 /* AllCharactersModel.swift */,
				C4DF46A42AE9428B00C2D597 /* CharacterModel.swift */,
				C4DF46A82AE944B800C2D597 /* CharacterStatusModel.swift */,
				C4DF46B42AE949AB00C2D597 /* CharacterGenderModel.swift */,
				C4DF46B62AE949D400C2D597 /* CharacterOriginModel.swift */,
				C4DF46B82AE94A0000C2D597 /* CharacterLocationModel.swift */,
			);
			path = Model;
			sourceTree = "<group>";
		};
		C4DF46A02AE9410600C2D597 /* ViewModel */ = {
			isa = PBXGroup;
			children = (
				C4DF46BA2AE94D3A00C2D597 /* CharactersViewModel.swift */,
			);
			path = ViewModel;
			sourceTree = "<group>";
		};
		C4DF46A12AE9410E00C2D597 /* View */ = {
			isa = PBXGroup;
			children = (
				C4DF46A22AE9418900C2D597 /* CharactersView.swift */,
				C44D584D2AEEB4E400B6FEE9 /* CharactersCell.swift */,
			);
			path = View;
			sourceTree = "<group>";
		};
		C4DF46AA2AE9468400C2D597 /* Resource */ = {
			isa = PBXGroup;
			children = (
				C4E1B0772AE67A9B00DB479A /* Assets.xcassets */,
				C4DF46AF2AE947F100C2D597 /* Localizable.strings */,
				C4E1B0792AE67A9B00DB479A /* Preview Content */,
			);
			path = Resource;
			sourceTree = "<group>";
		};
		C4DF46B02AE948E300C2D597 /* Source */ = {
			isa = PBXGroup;
			children = (
				C44D58472AEE94CF00B6FEE9 /* App */,
				C4A7CCF62AEA533B006257A1 /* Core */,
				C44D58462AEE949700B6FEE9 /* Module */,
				C44D58482AEEA3CA00B6FEE9 /* Data */,
			);
			path = Source;
			sourceTree = "<group>";
		};
		C4DF46B32AE9492500C2D597 /* Extensions */ = {
			isa = PBXGroup;
			children = (
				C4DF46B12AE9490900C2D597 /* String+Localized.swift */,
				C464A8522AEFEBB8009B1932 /* UIColor+Settings.swift */,
			);
			path = Extensions;
			sourceTree = "<group>";
		};
		C4DF46BC2AE9555C00C2D597 /* TabBar */ = {
			isa = PBXGroup;
			children = (
				C4DF46BD2AE9557200C2D597 /* TabBarView.swift */,
			);
			path = TabBar;
			sourceTree = "<group>";
		};
		C4E1B0672AE67A9A00DB479A = {
			isa = PBXGroup;
			children = (
				C4E1B0722AE67A9A00DB479A /* rick-and-morty-swift-ui */,
				C4E1B0712AE67A9A00DB479A /* Products */,
			);
			sourceTree = "<group>";
		};
		C4E1B0712AE67A9A00DB479A /* Products */ = {
			isa = PBXGroup;
			children = (
				C4E1B0702AE67A9A00DB479A /* rick-and-morty-swift-ui.app */,
			);
			name = Products;
			sourceTree = "<group>";
		};
		C4E1B0722AE67A9A00DB479A /* rick-and-morty-swift-ui */ = {
			isa = PBXGroup;
			children = (
				C4DF46AA2AE9468400C2D597 /* Resource */,
				C4DF46B02AE948E300C2D597 /* Source */,
			);
			path = "rick-and-morty-swift-ui";
			sourceTree = "<group>";
		};
		C4E1B0792AE67A9B00DB479A /* Preview Content */ = {
			isa = PBXGroup;
			children = (
				C4E1B07A2AE67A9B00DB479A /* Preview Assets.xcassets */,
			);
			path = "Preview Content";
			sourceTree = "<group>";
		};
		C4EC1F992AFE598800CAC69B /* Views */ = {
			isa = PBXGroup;
			children = (
			);
			path = Views;
			sourceTree = "<group>";
		};
/* End PBXGroup section */

/* Begin PBXNativeTarget section */
		C4E1B06F2AE67A9A00DB479A /* rick-and-morty-swift-ui */ = {
			isa = PBXNativeTarget;
			buildConfigurationList = C4E1B07E2AE67A9B00DB479A /* Build configuration list for PBXNativeTarget "rick-and-morty-swift-ui" */;
			buildPhases = (
				C4E1B06C2AE67A9A00DB479A /* Sources */,
				C4E1B06D2AE67A9A00DB479A /* Frameworks */,
				C4E1B06E2AE67A9A00DB479A /* Resources */,
			);
			buildRules = (
			);
			dependencies = (
			);
			name = "rick-and-morty-swift-ui";
			packageProductDependencies = (
				C4B6D8B82AF143C1008B2572 /* Kingfisher */,
			);
			productName = "rick-and-morty-swift-ui";
			productReference = C4E1B0702AE67A9A00DB479A /* rick-and-morty-swift-ui.app */;
			productType = "com.apple.product-type.application";
		};
/* End PBXNativeTarget section */

/* Begin PBXProject section */
		C4E1B0682AE67A9A00DB479A /* Project object */ = {
			isa = PBXProject;
			attributes = {
				BuildIndependentTargetsInParallel = 1;
				LastSwiftUpdateCheck = 1500;
				LastUpgradeCheck = 1500;
				TargetAttributes = {
					C4E1B06F2AE67A9A00DB479A = {
						CreatedOnToolsVersion = 15.0;
					};
				};
			};
			buildConfigurationList = C4E1B06B2AE67A9A00DB479A /* Build configuration list for PBXProject "rick-and-morty-swift-ui" */;
			compatibilityVersion = "Xcode 14.0";
			developmentRegion = en;
			hasScannedForEncodings = 0;
			knownRegions = (
				en,
				Base,
			);
			mainGroup = C4E1B0672AE67A9A00DB479A;
			packageReferences = (
				C4B6D8B72AF143C1008B2572 /* XCRemoteSwiftPackageReference "Kingfisher" */,
			);
			productRefGroup = C4E1B0712AE67A9A00DB479A /* Products */;
			projectDirPath = "";
			projectRoot = "";
			targets = (
				C4E1B06F2AE67A9A00DB479A /* rick-and-morty-swift-ui */,
			);
		};
/* End PBXProject section */

/* Begin PBXResourcesBuildPhase section */
		C4E1B06E2AE67A9A00DB479A /* Resources */ = {
			isa = PBXResourcesBuildPhase;
			buildActionMask = 2147483647;
			files = (
				C4E1B07B2AE67A9B00DB479A /* Preview Assets.xcassets in Resources */,
				C4DF46AD2AE947F100C2D597 /* Localizable.strings in Resources */,
				C4E1B0782AE67A9B00DB479A /* Assets.xcassets in Resources */,
			);
			runOnlyForDeploymentPostprocessing = 0;
		};
/* End PBXResourcesBuildPhase section */

/* Begin PBXSourcesBuildPhase section */
		C4E1B06C2AE67A9A00DB479A /* Sources */ = {
			isa = PBXSourcesBuildPhase;
			buildActionMask = 2147483647;
			files = (
				C4DF46B52AE949AB00C2D597 /* CharacterGenderModel.swift in Sources */,
				C42800A52AFA7F0F00F96CA0 /* CharacterDetailView.swift in Sources */,
				C4DF46B92AE94A0000C2D597 /* CharacterLocationModel.swift in Sources */,
				C4A7CCE72AEA5174006257A1 /* NetworkManager.swift in Sources */,
				C464A8532AEFEBB8009B1932 /* UIColor+Settings.swift in Sources */,
				C4CE9CFE2AFD0A5900F92A66 /* CharacterTypeInfo.swift in Sources */,
				C4DF46A52AE9428B00C2D597 /* CharacterModel.swift in Sources */,
				C4303CB02B050CA900B5097D /* EpisodeDetailInfoCellView.swift in Sources */,
				C409D1B82AFBDDC800EE008E /* CharaterDetailInfoCellView.swift in Sources */,
				C4DF46BE2AE9557200C2D597 /* TabBarView.swift in Sources */,
				C4DF46B22AE9490900C2D597 /* String+Localized.swift in Sources */,
				C4303CAA2B04CEC500B5097D /* EpisodesListCustomCell.swift in Sources */,
				C4303CA82B04C5D800B5097D /* EpisodesViewModel.swift in Sources */,
				C42800A72AFA7F1F00F96CA0 /* CharacterDetailViewModel.swift in Sources */,
				C4B770992B026C3F00647BFE /* EpisodeModel.swift in Sources */,
				C4B770972B026C2900647BFE /* AllEpisodesModel.swift in Sources */,
				C4DF46B72AE949D400C2D597 /* CharacterOriginModel.swift in Sources */,
				C409D1BA2AFBF1B100EE008E /* CharacterEpisodesView.swift in Sources */,
				C4303CB22B05263700B5097D /* EpisodeCharactersView.swift in Sources */,
				C4A7CCF52AEA5304006257A1 /* Constant.swift in Sources */,
				C4A7CCEF2AEA51BA006257A1 /* NetworkEndpoint.swift in Sources */,
				C4A7CCED2AEA51AB006257A1 /* NetworkURL.swift in Sources */,
				C4A7CCF12AEA51C7006257A1 /* NetworkParameters.swift in Sources */,
				C4074DA82B0612D4000AA470 /* EpisodeDetailViewModel.swift in Sources */,
				C4DF46A72AE943C300C2D597 /* AllCharactersModel.swift in Sources */,
				C4A7CCEB2AEA5199006257A1 /* NetworkError.swift in Sources */,
				C4074DAA2B061588000AA470 /* EpisodeTypeInfo.swift in Sources */,
				C4B7709B2B026C5400647BFE /* EpisodesDataSource.swift in Sources */,
				C4A7CCE92AEA518A006257A1 /* NetworkHTTPMethod.swift in Sources */,
				C4DF46A92AE944B800C2D597 /* CharacterStatusModel.swift in Sources */,
				C4303CA52B04C59B00B5097D /* EpisodesView.swift in Sources */,
				C4E1B0742AE67A9A00DB479A /* App.swift in Sources */,
				C44D584C2AEEB2C100B6FEE9 /* CharacterDataSource.swift in Sources */,
				C4DF46A32AE9418900C2D597 /* CharactersView.swift in Sources */,
				C4303CAD2B04CF8200B5097D /* EpisodeDetailView.swift in Sources */,
				C4DF46BB2AE94D3A00C2D597 /* CharactersViewModel.swift in Sources */,
				C44D584E2AEEB4E400B6FEE9 /* CharactersCell.swift in Sources */,
			);
			runOnlyForDeploymentPostprocessing = 0;
		};
/* End PBXSourcesBuildPhase section */

/* Begin PBXVariantGroup section */
		C4DF46AF2AE947F100C2D597 /* Localizable.strings */ = {
			isa = PBXVariantGroup;
			children = (
				C4DF46AE2AE947F100C2D597 /* en */,
			);
			name = Localizable.strings;
			sourceTree = "<group>";
		};
/* End PBXVariantGroup section */

/* Begin XCBuildConfiguration section */
		C4E1B07C2AE67A9B00DB479A /* Debug */ = {
			isa = XCBuildConfiguration;
			buildSettings = {
				ALWAYS_SEARCH_USER_PATHS = NO;
				ASSETCATALOG_COMPILER_GENERATE_SWIFT_ASSET_SYMBOL_EXTENSIONS = YES;
				CLANG_ANALYZER_NONNULL = YES;
				CLANG_ANALYZER_NUMBER_OBJECT_CONVERSION = YES_AGGRESSIVE;
				CLANG_CXX_LANGUAGE_STANDARD = "gnu++20";
				CLANG_ENABLE_MODULES = YES;
				CLANG_ENABLE_OBJC_ARC = YES;
				CLANG_ENABLE_OBJC_WEAK = YES;
				CLANG_WARN_BLOCK_CAPTURE_AUTORELEASING = YES;
				CLANG_WARN_BOOL_CONVERSION = YES;
				CLANG_WARN_COMMA = YES;
				CLANG_WARN_CONSTANT_CONVERSION = YES;
				CLANG_WARN_DEPRECATED_OBJC_IMPLEMENTATIONS = YES;
				CLANG_WARN_DIRECT_OBJC_ISA_USAGE = YES_ERROR;
				CLANG_WARN_DOCUMENTATION_COMMENTS = YES;
				CLANG_WARN_EMPTY_BODY = YES;
				CLANG_WARN_ENUM_CONVERSION = YES;
				CLANG_WARN_INFINITE_RECURSION = YES;
				CLANG_WARN_INT_CONVERSION = YES;
				CLANG_WARN_NON_LITERAL_NULL_CONVERSION = YES;
				CLANG_WARN_OBJC_IMPLICIT_RETAIN_SELF = YES;
				CLANG_WARN_OBJC_LITERAL_CONVERSION = YES;
				CLANG_WARN_OBJC_ROOT_CLASS = YES_ERROR;
				CLANG_WARN_QUOTED_INCLUDE_IN_FRAMEWORK_HEADER = YES;
				CLANG_WARN_RANGE_LOOP_ANALYSIS = YES;
				CLANG_WARN_STRICT_PROTOTYPES = YES;
				CLANG_WARN_SUSPICIOUS_MOVE = YES;
				CLANG_WARN_UNGUARDED_AVAILABILITY = YES_AGGRESSIVE;
				CLANG_WARN_UNREACHABLE_CODE = YES;
				CLANG_WARN__DUPLICATE_METHOD_MATCH = YES;
				COPY_PHASE_STRIP = NO;
				DEBUG_INFORMATION_FORMAT = dwarf;
				ENABLE_STRICT_OBJC_MSGSEND = YES;
				ENABLE_TESTABILITY = YES;
				ENABLE_USER_SCRIPT_SANDBOXING = YES;
				GCC_C_LANGUAGE_STANDARD = gnu17;
				GCC_DYNAMIC_NO_PIC = NO;
				GCC_NO_COMMON_BLOCKS = YES;
				GCC_OPTIMIZATION_LEVEL = 0;
				GCC_PREPROCESSOR_DEFINITIONS = (
					"DEBUG=1",
					"$(inherited)",
				);
				GCC_WARN_64_TO_32_BIT_CONVERSION = YES;
				GCC_WARN_ABOUT_RETURN_TYPE = YES_ERROR;
				GCC_WARN_UNDECLARED_SELECTOR = YES;
				GCC_WARN_UNINITIALIZED_AUTOS = YES_AGGRESSIVE;
				GCC_WARN_UNUSED_FUNCTION = YES;
				GCC_WARN_UNUSED_VARIABLE = YES;
				IPHONEOS_DEPLOYMENT_TARGET = 17.0;
				LOCALIZATION_PREFERS_STRING_CATALOGS = YES;
				MTL_ENABLE_DEBUG_INFO = INCLUDE_SOURCE;
				MTL_FAST_MATH = YES;
				ONLY_ACTIVE_ARCH = YES;
				SDKROOT = iphoneos;
				SWIFT_ACTIVE_COMPILATION_CONDITIONS = "DEBUG $(inherited)";
				SWIFT_OPTIMIZATION_LEVEL = "-Onone";
			};
			name = Debug;
		};
		C4E1B07D2AE67A9B00DB479A /* Release */ = {
			isa = XCBuildConfiguration;
			buildSettings = {
				ALWAYS_SEARCH_USER_PATHS = NO;
				ASSETCATALOG_COMPILER_GENERATE_SWIFT_ASSET_SYMBOL_EXTENSIONS = YES;
				CLANG_ANALYZER_NONNULL = YES;
				CLANG_ANALYZER_NUMBER_OBJECT_CONVERSION = YES_AGGRESSIVE;
				CLANG_CXX_LANGUAGE_STANDARD = "gnu++20";
				CLANG_ENABLE_MODULES = YES;
				CLANG_ENABLE_OBJC_ARC = YES;
				CLANG_ENABLE_OBJC_WEAK = YES;
				CLANG_WARN_BLOCK_CAPTURE_AUTORELEASING = YES;
				CLANG_WARN_BOOL_CONVERSION = YES;
				CLANG_WARN_COMMA = YES;
				CLANG_WARN_CONSTANT_CONVERSION = YES;
				CLANG_WARN_DEPRECATED_OBJC_IMPLEMENTATIONS = YES;
				CLANG_WARN_DIRECT_OBJC_ISA_USAGE = YES_ERROR;
				CLANG_WARN_DOCUMENTATION_COMMENTS = YES;
				CLANG_WARN_EMPTY_BODY = YES;
				CLANG_WARN_ENUM_CONVERSION = YES;
				CLANG_WARN_INFINITE_RECURSION = YES;
				CLANG_WARN_INT_CONVERSION = YES;
				CLANG_WARN_NON_LITERAL_NULL_CONVERSION = YES;
				CLANG_WARN_OBJC_IMPLICIT_RETAIN_SELF = YES;
				CLANG_WARN_OBJC_LITERAL_CONVERSION = YES;
				CLANG_WARN_OBJC_ROOT_CLASS = YES_ERROR;
				CLANG_WARN_QUOTED_INCLUDE_IN_FRAMEWORK_HEADER = YES;
				CLANG_WARN_RANGE_LOOP_ANALYSIS = YES;
				CLANG_WARN_STRICT_PROTOTYPES = YES;
				CLANG_WARN_SUSPICIOUS_MOVE = YES;
				CLANG_WARN_UNGUARDED_AVAILABILITY = YES_AGGRESSIVE;
				CLANG_WARN_UNREACHABLE_CODE = YES;
				CLANG_WARN__DUPLICATE_METHOD_MATCH = YES;
				COPY_PHASE_STRIP = NO;
				DEBUG_INFORMATION_FORMAT = "dwarf-with-dsym";
				ENABLE_NS_ASSERTIONS = NO;
				ENABLE_STRICT_OBJC_MSGSEND = YES;
				ENABLE_USER_SCRIPT_SANDBOXING = YES;
				GCC_C_LANGUAGE_STANDARD = gnu17;
				GCC_NO_COMMON_BLOCKS = YES;
				GCC_WARN_64_TO_32_BIT_CONVERSION = YES;
				GCC_WARN_ABOUT_RETURN_TYPE = YES_ERROR;
				GCC_WARN_UNDECLARED_SELECTOR = YES;
				GCC_WARN_UNINITIALIZED_AUTOS = YES_AGGRESSIVE;
				GCC_WARN_UNUSED_FUNCTION = YES;
				GCC_WARN_UNUSED_VARIABLE = YES;
				IPHONEOS_DEPLOYMENT_TARGET = 17.0;
				LOCALIZATION_PREFERS_STRING_CATALOGS = YES;
				MTL_ENABLE_DEBUG_INFO = NO;
				MTL_FAST_MATH = YES;
				SDKROOT = iphoneos;
				SWIFT_COMPILATION_MODE = wholemodule;
				VALIDATE_PRODUCT = YES;
			};
			name = Release;
		};
		C4E1B07F2AE67A9B00DB479A /* Debug */ = {
			isa = XCBuildConfiguration;
			buildSettings = {
				ASSETCATALOG_COMPILER_APPICON_NAME = AppIcon;
				ASSETCATALOG_COMPILER_GLOBAL_ACCENT_COLOR_NAME = AccentColor;
				CODE_SIGN_STYLE = Automatic;
				CURRENT_PROJECT_VERSION = 1;
				DEVELOPMENT_ASSET_PATHS = "\"rick-and-morty-swift-ui/Resource/Preview Content\"";
				DEVELOPMENT_TEAM = 67VYH75QRG;
				ENABLE_PREVIEWS = YES;
				GENERATE_INFOPLIST_FILE = YES;
				INFOPLIST_KEY_UIApplicationSceneManifest_Generation = YES;
				INFOPLIST_KEY_UIApplicationSupportsIndirectInputEvents = YES;
				INFOPLIST_KEY_UILaunchScreen_Generation = YES;
				INFOPLIST_KEY_UISupportedInterfaceOrientations = UIInterfaceOrientationPortrait;
				INFOPLIST_KEY_UISupportedInterfaceOrientations_iPad = "UIInterfaceOrientationLandscapeLeft UIInterfaceOrientationLandscapeRight UIInterfaceOrientationPortrait UIInterfaceOrientationPortraitUpsideDown";
				LD_RUNPATH_SEARCH_PATHS = (
					"$(inherited)",
					"@executable_path/Frameworks",
				);
				MARKETING_VERSION = 1.0;
				PRODUCT_BUNDLE_IDENTIFIER = "com.carlosmorgado.rick-and-morty-swift-ui";
				PRODUCT_NAME = "$(TARGET_NAME)";
				SWIFT_EMIT_LOC_STRINGS = YES;
				SWIFT_VERSION = 5.0;
				TARGETED_DEVICE_FAMILY = "1,2";
			};
			name = Debug;
		};
		C4E1B0802AE67A9B00DB479A /* Release */ = {
			isa = XCBuildConfiguration;
			buildSettings = {
				ASSETCATALOG_COMPILER_APPICON_NAME = AppIcon;
				ASSETCATALOG_COMPILER_GLOBAL_ACCENT_COLOR_NAME = AccentColor;
				CODE_SIGN_STYLE = Automatic;
				CURRENT_PROJECT_VERSION = 1;
				DEVELOPMENT_ASSET_PATHS = "\"rick-and-morty-swift-ui/Resource/Preview Content\"";
				DEVELOPMENT_TEAM = 67VYH75QRG;
				ENABLE_PREVIEWS = YES;
				GENERATE_INFOPLIST_FILE = YES;
				INFOPLIST_KEY_UIApplicationSceneManifest_Generation = YES;
				INFOPLIST_KEY_UIApplicationSupportsIndirectInputEvents = YES;
				INFOPLIST_KEY_UILaunchScreen_Generation = YES;
				INFOPLIST_KEY_UISupportedInterfaceOrientations = UIInterfaceOrientationPortrait;
				INFOPLIST_KEY_UISupportedInterfaceOrientations_iPad = "UIInterfaceOrientationLandscapeLeft UIInterfaceOrientationLandscapeRight UIInterfaceOrientationPortrait UIInterfaceOrientationPortraitUpsideDown";
				LD_RUNPATH_SEARCH_PATHS = (
					"$(inherited)",
					"@executable_path/Frameworks",
				);
				MARKETING_VERSION = 1.0;
				PRODUCT_BUNDLE_IDENTIFIER = "com.carlosmorgado.rick-and-morty-swift-ui";
				PRODUCT_NAME = "$(TARGET_NAME)";
				SWIFT_EMIT_LOC_STRINGS = YES;
				SWIFT_VERSION = 5.0;
				TARGETED_DEVICE_FAMILY = "1,2";
			};
			name = Release;
		};
/* End XCBuildConfiguration section */

/* Begin XCConfigurationList section */
		C4E1B06B2AE67A9A00DB479A /* Build configuration list for PBXProject "rick-and-morty-swift-ui" */ = {
			isa = XCConfigurationList;
			buildConfigurations = (
				C4E1B07C2AE67A9B00DB479A /* Debug */,
				C4E1B07D2AE67A9B00DB479A /* Release */,
			);
			defaultConfigurationIsVisible = 0;
			defaultConfigurationName = Release;
		};
		C4E1B07E2AE67A9B00DB479A /* Build configuration list for PBXNativeTarget "rick-and-morty-swift-ui" */ = {
			isa = XCConfigurationList;
			buildConfigurations = (
				C4E1B07F2AE67A9B00DB479A /* Debug */,
				C4E1B0802AE67A9B00DB479A /* Release */,
			);
			defaultConfigurationIsVisible = 0;
			defaultConfigurationName = Release;
		};
/* End XCConfigurationList section */

/* Begin XCRemoteSwiftPackageReference section */
		C4B6D8B72AF143C1008B2572 /* XCRemoteSwiftPackageReference "Kingfisher" */ = {
			isa = XCRemoteSwiftPackageReference;
			repositoryURL = "https://github.com/onevcat/Kingfisher.git";
			requirement = {
				kind = upToNextMajorVersion;
				minimumVersion = 7.10.0;
			};
		};
/* End XCRemoteSwiftPackageReference section */

/* Begin XCSwiftPackageProductDependency section */
		C4B6D8B82AF143C1008B2572 /* Kingfisher */ = {
			isa = XCSwiftPackageProductDependency;
			package = C4B6D8B72AF143C1008B2572 /* XCRemoteSwiftPackageReference "Kingfisher" */;
			productName = Kingfisher;
		};
/* End XCSwiftPackageProductDependency section */
	};
	rootObject = C4E1B0682AE67A9A00DB479A /* Project object */;
}
